[[package]]
category = "main"
description = "CircuitPython APIs for non-CircuitPython versions of Python such as CPython on Linux and MicroPython."
name = "adafruit-blinka"
optional = false
python-versions = ">=3.4.0"
version = "4.3.0"

[package.dependencies]
Adafruit-PlatformDetect = ">=2.5.0"
Adafruit-PureIO = ">=1.1.0"
pyftdi = ">=0.40.0"
sysv_ipc = "*"

[[package]]
category = "main"
description = "CircuitPython bus device classes to manage bus sharing."
name = "adafruit-circuitpython-busdevice"
optional = false
python-versions = "*"
version = "4.3.0"

[package.dependencies]
Adafruit-Blinka = "*"

[[package]]
category = "main"
description = "CircuitPython library for HT16K33 LED matrices and segment displays."
name = "adafruit-circuitpython-ht16k33"
optional = false
python-versions = "*"
version = "4.1.0"

[package.dependencies]
Adafruit-Blinka = "*"
adafruit-circuitpython-busdevice = "*"

[[package]]
category = "main"
description = "Platform detection for use by libraries like Adafruit-Blinka."
name = "adafruit-platformdetect"
optional = false
python-versions = ">=3.4.0"
version = "2.5.0"

[[package]]
category = "main"
description = "Pure python (i.e. no native extensions) access to Linux IO including I2C and SPI.  Drop in replacement for smbus and spidev modules."
name = "adafruit-pureio"
optional = false
python-versions = ">=3.4.0"
version = "1.1.0"

[[package]]
category = "main"
description = "Python package for providing Mozilla's CA Bundle."
name = "certifi"
optional = false
python-versions = "*"
version = "2020.4.5.1"

[[package]]
category = "main"
description = "Universal encoding detector for Python 2 and 3"
name = "chardet"
optional = false
python-versions = "*"
version = "3.0.4"

[[package]]
category = "main"
description = "Internationalized Domain Names in Applications (IDNA)"
name = "idna"
optional = false
python-versions = ">=2.7, !=3.0.*, !=3.1.*, !=3.2.*, !=3.3.*"
version = "2.9"

[[package]]
category = "main"
description = "A generic, spec-compliant, thorough implementation of the OAuth request-signing logic"
name = "oauthlib"
optional = false
python-versions = ">=2.7, !=3.0.*, !=3.1.*, !=3.2.*, !=3.3.*"
version = "3.1.0"

[package.extras]
rsa = ["cryptography"]
signals = ["blinker"]
signedtoken = ["cryptography", "pyjwt (>=1.0.0)"]

[[package]]
category = "main"
description = "A pure Python interface for the Raspberry Pi camera module."
name = "picamera"
optional = false
python-versions = "*"
version = "1.13"

[package.extras]
array = ["numpy"]
doc = ["sphinx"]
test = ["coverage", "pytest", "mock", "pillow", "numpy"]

[[package]]
category = "main"
description = "FTDI device driver (pure Python)"
name = "pyftdi"
optional = false
python-versions = ">=3.5"
version = "0.50.0"

[package.dependencies]
pyserial = ">=3.0"
pyusb = ">=1.0.0"

[[package]]
category = "main"
description = "Python Serial Port Extension"
name = "pyserial"
optional = false
python-versions = "*"
version = "3.4"

[[package]]
category = "main"
description = "Python USB access module"
name = "pyusb"
optional = false
python-versions = "*"
version = "1.0.2"

[[package]]
category = "main"
description = "Python HTTP for Humans."
name = "requests"
optional = false
python-versions = ">=2.7, !=3.0.*, !=3.1.*, !=3.2.*, !=3.3.*, !=3.4.*"
version = "2.23.0"

[package.dependencies]
certifi = ">=2017.4.17"
chardet = ">=3.0.2,<4"
idna = ">=2.5,<3"
urllib3 = ">=1.21.1,<1.25.0 || >1.25.0,<1.25.1 || >1.25.1,<1.26"

[package.extras]
security = ["pyOpenSSL (>=0.14)", "cryptography (>=1.3.4)"]
socks = ["PySocks (>=1.5.6,<1.5.7 || >1.5.7)", "win-inet-pton"]

[[package]]
category = "main"
description = "OAuthlib authentication support for Requests."
name = "requests-oauthlib"
optional = false
python-versions = ">=2.7, !=3.0.*, !=3.1.*, !=3.2.*, !=3.3.*"
version = "1.3.0"

[package.dependencies]
oauthlib = ">=3.0.0"
requests = ">=2.0.0"

[package.extras]
rsa = ["oauthlib (>=3.0.0)"]

[[package]]
category = "main"
description = "A module to control Raspberry Pi GPIO channels"
name = "rpi.gpio"
optional = false
python-versions = "*"
version = "0.7.0"

[[package]]
category = "main"
description = "System V IPC primitives (semaphores, shared memory and message queues) for Python"
marker = "platform_system != \"Windows\" and platform_machine != \"mips\""
name = "sysv-ipc"
optional = false
python-versions = "*"
version = "1.0.1"

[[package]]
category = "main"
description = "Actively maintained, pure Python wrapper for the Twitter API. Supports both normal and streaming Twitter APIs"
name = "twython"
optional = false
python-versions = "*"
version = "3.8.2"

[package.dependencies]
requests = ">=2.1.0"
requests-oauthlib = ">=0.4.0"

[[package]]
category = "main"
description = "HTTP library with thread-safe connection pooling, file post, and more."
name = "urllib3"
optional = false
python-versions = ">=2.7, !=3.0.*, !=3.1.*, !=3.2.*, !=3.3.*, !=3.4.*, <4"
version = "1.25.8"

[package.extras]
brotli = ["brotlipy (>=0.6.0)"]
secure = ["pyOpenSSL (>=0.14)", "cryptography (>=1.3.4)", "idna (>=2.0.0)", "certifi", "ipaddress"]
socks = ["PySocks (>=1.5.6,<1.5.7 || >1.5.7,<2.0)"]

[metadata]
content-hash = "12d6f61ea92b3ed13d18516778268f8bcb61230b3962ba446d12611e3ab1cb82"
python-versions = "^3.7"

[metadata.files]
adafruit-blinka = [
    {file = "Adafruit-Blinka-4.3.0.tar.gz", hash = "sha256:1254c70430f7dfb4e0a74825d040bcab2d01cedf91e480f7fb580fe30aa32570"},
]
adafruit-circuitpython-busdevice = [
    {file = "adafruit-circuitpython-busdevice-4.3.0.tar.gz", hash = "sha256:3a1649478bfe8772f90f1867f5a244e0957d1885433dc431e11d39096647c677"},
]
adafruit-circuitpython-ht16k33 = [
    {file = "adafruit-circuitpython-ht16k33-4.1.0.tar.gz", hash = "sha256:7ce20d2b918512c38d3f45742e3e99a25180bfb9f6d74b0c537ecfd46920bfeb"},
]
adafruit-platformdetect = [
    {file = "Adafruit-PlatformDetect-2.5.0.tar.gz", hash = "sha256:bf446f8365cdf0a87d4bf6620e70bd59da99b0523c2111f0dc74a1155236ff61"},
]
adafruit-pureio = [
    {file = "Adafruit_PureIO-1.1.0.tar.gz", hash = "sha256:7f3384a2cedb3f9d1b0d3f0f8424e47ac53157235514d8d936703139c63cfd45"},
]
certifi = [
    {file = "certifi-2020.4.5.1-py2.py3-none-any.whl", hash = "sha256:1d987a998c75633c40847cc966fcf5904906c920a7f17ef374f5aa4282abd304"},
    {file = "certifi-2020.4.5.1.tar.gz", hash = "sha256:51fcb31174be6e6664c5f69e3e1691a2d72a1a12e90f872cbdb1567eb47b6519"},
]
chardet = [
    {file = "chardet-3.0.4-py2.py3-none-any.whl", hash = "sha256:fc323ffcaeaed0e0a02bf4d117757b98aed530d9ed4531e3e15460124c106691"},
    {file = "chardet-3.0.4.tar.gz", hash = "sha256:84ab92ed1c4d4f16916e05906b6b75a6c0fb5db821cc65e70cbd64a3e2a5eaae"},
]
idna = [
    {file = "idna-2.9-py2.py3-none-any.whl", hash = "sha256:a068a21ceac8a4d63dbfd964670474107f541babbd2250d61922f029858365fa"},
    {file = "idna-2.9.tar.gz", hash = "sha256:7588d1c14ae4c77d74036e8c22ff447b26d0fde8f007354fd48a7814db15b7cb"},
]
oauthlib = [
    {file = "oauthlib-3.1.0-py2.py3-none-any.whl", hash = "sha256:df884cd6cbe20e32633f1db1072e9356f53638e4361bef4e8b03c9127c9328ea"},
    {file = "oauthlib-3.1.0.tar.gz", hash = "sha256:bee41cc35fcca6e988463cacc3bcb8a96224f470ca547e697b604cc697b2f889"},
]
picamera = [
    {file = "picamera-1.13.tar.gz", hash = "sha256:890815aa01e4d855a6a95dd3ad0953b872a6b954982106407df0c5a31a163e50"},
]
pyftdi = [
    {file = "pyftdi-0.50.0-py36-none-any.whl", hash = "sha256:be03977320abb31ab8be35f95bdd82fdfbef22288a63e78c0676353e06a73099"},
    {file = "pyftdi-0.50.0.tar.gz", hash = "sha256:7d617fbf4973452f73349383454aaec6eee298bb0789686c34b9c346c717d7db"},
]
pyserial = [
    {file = "pyserial-3.4-py2.py3-none-any.whl", hash = "sha256:e0770fadba80c31013896c7e6ef703f72e7834965954a78e71a3049488d4d7d8"},
    {file = "pyserial-3.4.tar.gz", hash = "sha256:6e2d401fdee0eab996cf734e67773a0143b932772ca8b42451440cfed942c627"},
]
pyusb = [
    {file = "pyusb-1.0.2.tar.gz", hash = "sha256:4e9b72cc4a4205ca64fbf1f3fff39a335512166c151ad103e55c8223ac147362"},
]
requests = [
    {file = "requests-2.23.0-py2.py3-none-any.whl", hash = "sha256:43999036bfa82904b6af1d99e4882b560e5e2c68e5c4b0aa03b655f3d7d73fee"},
    {file = "requests-2.23.0.tar.gz", hash = "sha256:b3f43d496c6daba4493e7c431722aeb7dbc6288f52a6e04e7b6023b0247817e6"},
]
requests-oauthlib = [
    {file = "requests-oauthlib-1.3.0.tar.gz", hash = "sha256:b4261601a71fd721a8bd6d7aa1cc1d6a8a93b4a9f5e96626f8e4d91e8beeaa6a"},
    {file = "requests_oauthlib-1.3.0-py2.py3-none-any.whl", hash = "sha256:7f71572defaecd16372f9006f33c2ec8c077c3cfa6f5911a9a90202beb513f3d"},
    {file = "requests_oauthlib-1.3.0-py3.7.egg", hash = "sha256:fa6c47b933f01060936d87ae9327fead68768b69c6c9ea2109c48be30f2d4dbc"},
]
"rpi.gpio" = [
    {file = "RPi.GPIO-0.7.0.tar.gz", hash = "sha256:7424bc6c205466764f30f666c18187a0824077daf20b295c42f08aea2cb87d3f"},
]
sysv-ipc = [
    {file = "sysv_ipc-1.0.1-cp27-cp27m-macosx_10_9_x86_64.whl", hash = "sha256:a67fc5b7a3dd5fc9c50776de0c65a44eb776d29bb88364dedb1fb1149e53a1f1"},
    {file = "sysv_ipc-1.0.1-cp36-cp36m-macosx_10_6_intel.whl", hash = "sha256:2b2b8491764845d06a9d5731ebe67f12fbe0c35967ac7f2bbe55ff24cb302405"},
    {file = "sysv_ipc-1.0.1.tar.gz", hash = "sha256:8eff10dd17789ddf21b422ce46ae0f6420088902a88e4296cb805cf2fde8b4dc"},
]
twython = [
    {file = "twython-3.8.2-py3-none-any.whl", hash = "sha256:a469d673fdd20d1c346e9b9f784212db521aa611bbdfc4912229ab701b36002b"},
    {file = "twython-3.8.2.tar.gz", hash = "sha256:c6ca64309260e0ab47267f76217c80812f591991437f376fc61498816384f9e7"},
]
urllib3 = [
    {file = "urllib3-1.25.8-py2.py3-none-any.whl", hash = "sha256:2f3db8b19923a873b3e5256dc9c2dedfa883e33d87c690d9c7913e1f40673cdc"},
    {file = "urllib3-1.25.8.tar.gz", hash = "sha256:87716c2d2a7121198ebcb7ce7cccf6ce5e9ba539041cfbaeecfb641dc0bf6acc"},
]
